// !$*UTF8*$!
{
	archiveVersion = 1;
	classes = {
	};
	objectVersion = 50;
	objects = {

/* Begin PBXBuildFile section */
		021DC36C24969E3400BD6002 /* NetworkExtension.framework in Frameworks */ = {isa = PBXBuildFile; fileRef = 021DC36B24969E3400BD6002 /* NetworkExtension.framework */; };
		0224C85924963AD400EEC521 /* DataLoaderTwitter.swift in Sources */ = {isa = PBXBuildFile; fileRef = 0224C85824963AD400EEC521 /* DataLoaderTwitter.swift */; };
		02254F4924A7E66800E6CE49 /* LauncherApplication.app in CopyFiles */ = {isa = PBXBuildFile; fileRef = 02DDA4A524A7751E00F163A9 /* LauncherApplication.app */; settings = {ATTRIBUTES = (RemoveHeadersOnCopy, ); }; };
		025B3EB524A8A2DE000D0E2B /* Graphics in Resources */ = {isa = PBXBuildFile; fileRef = 025B3EB424A8A2DE000D0E2B /* Graphics */; };
		027D73A724AFBF8800031CE0 /* DataLoaderTikTok.swift in Sources */ = {isa = PBXBuildFile; fileRef = 027D73A624AFBF8800031CE0 /* DataLoaderTikTok.swift */; };
		027FB69A24EEED15004036EF /* DataLoaderTumblr.swift in Sources */ = {isa = PBXBuildFile; fileRef = 027FB69924EEED15004036EF /* DataLoaderTumblr.swift */; };
		02844AEF24CF764000881681 /* AppDelegate.swift in Sources */ = {isa = PBXBuildFile; fileRef = 02844AEE24CF764000881681 /* AppDelegate.swift */; };
		02844AF124CF764000881681 /* SceneDelegate.swift in Sources */ = {isa = PBXBuildFile; fileRef = 02844AF024CF764000881681 /* SceneDelegate.swift */; };
		02844AF324CF764000881681 /* ContentView.swift in Sources */ = {isa = PBXBuildFile; fileRef = 02844AF224CF764000881681 /* ContentView.swift */; };
		02844AF524CF764300881681 /* Assets.xcassets in Resources */ = {isa = PBXBuildFile; fileRef = 02844AF424CF764300881681 /* Assets.xcassets */; };
		02844AF824CF764300881681 /* Preview Assets.xcassets in Resources */ = {isa = PBXBuildFile; fileRef = 02844AF724CF764300881681 /* Preview Assets.xcassets */; };
		02844AFB24CF764300881681 /* LaunchScreen.storyboard in Resources */ = {isa = PBXBuildFile; fileRef = 02844AF924CF764300881681 /* LaunchScreen.storyboard */; };
		0288C5A22496544E0074E25F /* APIKeys.swift in Sources */ = {isa = PBXBuildFile; fileRef = 0288C5A12496544E0074E25F /* APIKeys.swift */; };
		0288C5A4249655F20074E25F /* .gitignore in Resources */ = {isa = PBXBuildFile; fileRef = 0288C5A3249655F20074E25F /* .gitignore */; };
		02B44A5924C4FDC6001083C9 /* Extensions.swift in Sources */ = {isa = PBXBuildFile; fileRef = 02B44A5724C4F6B7001083C9 /* Extensions.swift */; };
		02B44A5A24C4FDCD001083C9 /* ViewController.swift in Sources */ = {isa = PBXBuildFile; fileRef = 02E9E8D4248CE7160086352A /* ViewController.swift */; };
		02B7EEF82491899800738B62 /* DataLoaderYouTube.swift in Sources */ = {isa = PBXBuildFile; fileRef = 02B7EEF72491899800738B62 /* DataLoaderYouTube.swift */; };
		02B7EEFA2491995400738B62 /* DataLoaderInstagram.swift in Sources */ = {isa = PBXBuildFile; fileRef = 02B7EEF92491995400738B62 /* DataLoaderInstagram.swift */; };
		02DDA4A824A7751E00F163A9 /* AppDelegate.swift in Sources */ = {isa = PBXBuildFile; fileRef = 02DDA4A724A7751E00F163A9 /* AppDelegate.swift */; };
		02DDA4AC24A7752500F163A9 /* Assets.xcassets in Resources */ = {isa = PBXBuildFile; fileRef = 02DDA4AB24A7752500F163A9 /* Assets.xcassets */; };
		02DDA4AF24A7752500F163A9 /* Main.storyboard in Resources */ = {isa = PBXBuildFile; fileRef = 02DDA4AD24A7752500F163A9 /* Main.storyboard */; };
		02DDA4BA24A7BD6400F163A9 /* ServiceManagement.framework in Frameworks */ = {isa = PBXBuildFile; fileRef = 02DDA4B924A7BD6400F163A9 /* ServiceManagement.framework */; };
		02DDA4BB24A7BD7800F163A9 /* LauncherApplication.app in Resources */ = {isa = PBXBuildFile; fileRef = 02DDA4A524A7751E00F163A9 /* LauncherApplication.app */; };
		02E9E8D3248CE7160086352A /* AppDelegate.swift in Sources */ = {isa = PBXBuildFile; fileRef = 02E9E8D2248CE7160086352A /* AppDelegate.swift */; };
		02E9E8D7248CE71D0086352A /* Assets.xcassets in Resources */ = {isa = PBXBuildFile; fileRef = 02E9E8D6248CE71D0086352A /* Assets.xcassets */; };
		02E9E8DA248CE71D0086352A /* Main.storyboard in Resources */ = {isa = PBXBuildFile; fileRef = 02E9E8D8248CE71D0086352A /* Main.storyboard */; };
/* End PBXBuildFile section */

/* Begin PBXContainerItemProxy section */
		024C51BA24A7E42F00096D71 /* PBXContainerItemProxy */ = {
			isa = PBXContainerItemProxy;
			containerPortal = 02E9E8C7248CE7160086352A /* Project object */;
			proxyType = 1;
			remoteGlobalIDString = 02DDA4A424A7751E00F163A9;
			remoteInfo = "Launcher Application";
		};
		024C51BC24A7E44100096D71 /* PBXContainerItemProxy */ = {
			isa = PBXContainerItemProxy;
			containerPortal = 02E9E8C7248CE7160086352A /* Project object */;
			proxyType = 1;
			remoteGlobalIDString = 02DDA4A424A7751E00F163A9;
			remoteInfo = LauncherApplication;
		};
		02C3E9D024A7E4A2005B7823 /* PBXContainerItemProxy */ = {
			isa = PBXContainerItemProxy;
			containerPortal = 02E9E8C7248CE7160086352A /* Project object */;
			proxyType = 1;
			remoteGlobalIDString = 02DDA4A424A7751E00F163A9;
			remoteInfo = LauncherApplication;
		};
		02DDA4BC24A7BD7800F163A9 /* PBXContainerItemProxy */ = {
			isa = PBXContainerItemProxy;
			containerPortal = 02E9E8C7248CE7160086352A /* Project object */;
			proxyType = 1;
			remoteGlobalIDString = 02DDA4A424A7751E00F163A9;
			remoteInfo = "Per mille Launcher Application";
		};
		02DDA4BE24A7BD7F00F163A9 /* PBXContainerItemProxy */ = {
			isa = PBXContainerItemProxy;
			containerPortal = 02E9E8C7248CE7160086352A /* Project object */;
			proxyType = 1;
			remoteGlobalIDString = 02DDA4A424A7751E00F163A9;
			remoteInfo = "Per mille Launcher Application";
		};
		02DDA4C024A7BD9100F163A9 /* PBXContainerItemProxy */ = {
			isa = PBXContainerItemProxy;
			containerPortal = 02E9E8C7248CE7160086352A /* Project object */;
			proxyType = 1;
			remoteGlobalIDString = 02DDA4A424A7751E00F163A9;
			remoteInfo = "Per mille Launcher Application";
		};
		02DDA4C224A7BD9600F163A9 /* PBXContainerItemProxy */ = {
			isa = PBXContainerItemProxy;
			containerPortal = 02E9E8C7248CE7160086352A /* Project object */;
			proxyType = 1;
			remoteGlobalIDString = 02DDA4A424A7751E00F163A9;
			remoteInfo = "Per mille Launcher Application";
		};
		02DDA4C424A7BDEF00F163A9 /* PBXContainerItemProxy */ = {
			isa = PBXContainerItemProxy;
			containerPortal = 02E9E8C7248CE7160086352A /* Project object */;
			proxyType = 1;
			remoteGlobalIDString = 02DDA4A424A7751E00F163A9;
			remoteInfo = "Per mille Launcher Application";
		};
/* End PBXContainerItemProxy section */

/* Begin PBXCopyFilesBuildPhase section */
		02DDA4B524A7BC9C00F163A9 /* CopyFiles */ = {
			isa = PBXCopyFilesBuildPhase;
			buildActionMask = 2147483647;
			dstPath = Contents/Library/LoginItems;
			dstSubfolderSpec = 1;
			files = (
				02254F4924A7E66800E6CE49 /* LauncherApplication.app in CopyFiles */,
			);
			runOnlyForDeploymentPostprocessing = 0;
		};
/* End PBXCopyFilesBuildPhase section */

/* Begin PBXFileReference section */
		0201FB502496A0B7000AD0E8 /* Per mille.entitlements */ = {isa = PBXFileReference; fileEncoding = 4; lastKnownFileType = text.plist.entitlements; path = "Per mille.entitlements"; sourceTree = "<group>"; };
		021DC36924969E3400BD6002 /* Per milleRelease.entitlements */ = {isa = PBXFileReference; lastKnownFileType = text.plist.entitlements; path = "Per milleRelease.entitlements"; sourceTree = "<group>"; };
		021DC36B24969E3400BD6002 /* NetworkExtension.framework */ = {isa = PBXFileReference; lastKnownFileType = wrapper.framework; name = NetworkExtension.framework; path = System/Library/Frameworks/NetworkExtension.framework; sourceTree = SDKROOT; };
		0224C85824963AD400EEC521 /* DataLoaderTwitter.swift */ = {isa = PBXFileReference; fileEncoding = 4; lastKnownFileType = sourcecode.swift; path = DataLoaderTwitter.swift; sourceTree = "<group>"; };
		023D3C7724B1AF300074CF5F /* NotificationCenter.framework */ = {isa = PBXFileReference; lastKnownFileType = wrapper.framework; name = NotificationCenter.framework; path = System/Library/Frameworks/NotificationCenter.framework; sourceTree = SDKROOT; };
		025B3EB424A8A2DE000D0E2B /* Graphics */ = {isa = PBXFileReference; fileEncoding = 4; lastKnownFileType = text; path = Graphics; sourceTree = SOURCE_ROOT; };
		027D73A624AFBF8800031CE0 /* DataLoaderTikTok.swift */ = {isa = PBXFileReference; fileEncoding = 4; lastKnownFileType = sourcecode.swift; path = DataLoaderTikTok.swift; sourceTree = "<group>"; };
		027FB69924EEED15004036EF /* DataLoaderTumblr.swift */ = {isa = PBXFileReference; fileEncoding = 4; lastKnownFileType = sourcecode.swift; path = DataLoaderTumblr.swift; sourceTree = "<group>"; };
		02844AEC24CF764000881681 /* Per mille Catalysed.app */ = {isa = PBXFileReference; explicitFileType = wrapper.application; includeInIndex = 0; path = "Per mille Catalysed.app"; sourceTree = BUILT_PRODUCTS_DIR; };
		02844AEE24CF764000881681 /* AppDelegate.swift */ = {isa = PBXFileReference; lastKnownFileType = sourcecode.swift; path = AppDelegate.swift; sourceTree = "<group>"; };
		02844AF024CF764000881681 /* SceneDelegate.swift */ = {isa = PBXFileReference; lastKnownFileType = sourcecode.swift; path = SceneDelegate.swift; sourceTree = "<group>"; };
		02844AF224CF764000881681 /* ContentView.swift */ = {isa = PBXFileReference; lastKnownFileType = sourcecode.swift; path = ContentView.swift; sourceTree = "<group>"; };
		02844AF424CF764300881681 /* Assets.xcassets */ = {isa = PBXFileReference; lastKnownFileType = folder.assetcatalog; path = Assets.xcassets; sourceTree = "<group>"; };
		02844AF724CF764300881681 /* Preview Assets.xcassets */ = {isa = PBXFileReference; lastKnownFileType = folder.assetcatalog; path = "Preview Assets.xcassets"; sourceTree = "<group>"; };
		02844AFA24CF764300881681 /* Base */ = {isa = PBXFileReference; lastKnownFileType = file.storyboard; name = Base; path = Base.lproj/LaunchScreen.storyboard; sourceTree = "<group>"; };
		02844AFC24CF764300881681 /* Info.plist */ = {isa = PBXFileReference; lastKnownFileType = text.plist.xml; path = Info.plist; sourceTree = "<group>"; };
		02844B0024CF764F00881681 /* Per mille Catalysed.entitlements */ = {isa = PBXFileReference; lastKnownFileType = text.plist.entitlements; path = "Per mille Catalysed.entitlements"; sourceTree = "<group>"; };
		0288C5A12496544E0074E25F /* APIKeys.swift */ = {isa = PBXFileReference; lastKnownFileType = sourcecode.swift; path = APIKeys.swift; sourceTree = "<group>"; };
		0288C5A3249655F20074E25F /* .gitignore */ = {isa = PBXFileReference; lastKnownFileType = text; path = .gitignore; sourceTree = "<group>"; };
		02B44A5724C4F6B7001083C9 /* Extensions.swift */ = {isa = PBXFileReference; fileEncoding = 4; lastKnownFileType = sourcecode.swift; path = Extensions.swift; sourceTree = "<group>"; };
		02B7EEF72491899800738B62 /* DataLoaderYouTube.swift */ = {isa = PBXFileReference; fileEncoding = 4; lastKnownFileType = sourcecode.swift; path = DataLoaderYouTube.swift; sourceTree = "<group>"; };
		02B7EEF92491995400738B62 /* DataLoaderInstagram.swift */ = {isa = PBXFileReference; fileEncoding = 4; lastKnownFileType = sourcecode.swift; path = DataLoaderInstagram.swift; sourceTree = "<group>"; };
		02DDA49D24A774E700F163A9 /* Info.plist */ = {isa = PBXFileReference; lastKnownFileType = text.plist.xml; path = Info.plist; sourceTree = "<group>"; };
		02DDA4A524A7751E00F163A9 /* LauncherApplication.app */ = {isa = PBXFileReference; explicitFileType = wrapper.application; includeInIndex = 0; path = LauncherApplication.app; sourceTree = BUILT_PRODUCTS_DIR; };
		02DDA4A724A7751E00F163A9 /* AppDelegate.swift */ = {isa = PBXFileReference; lastKnownFileType = sourcecode.swift; path = AppDelegate.swift; sourceTree = "<group>"; };
		02DDA4AB24A7752500F163A9 /* Assets.xcassets */ = {isa = PBXFileReference; lastKnownFileType = folder.assetcatalog; path = Assets.xcassets; sourceTree = "<group>"; };
		02DDA4AE24A7752500F163A9 /* Base */ = {isa = PBXFileReference; lastKnownFileType = file.storyboard; name = Base; path = Base.lproj/Main.storyboard; sourceTree = "<group>"; };
		02DDA4B024A7752500F163A9 /* Info.plist */ = {isa = PBXFileReference; lastKnownFileType = text.plist.xml; path = Info.plist; sourceTree = "<group>"; };
		02DDA4B124A7752500F163A9 /* LauncherApplication.entitlements */ = {isa = PBXFileReference; lastKnownFileType = text.plist.entitlements; path = LauncherApplication.entitlements; sourceTree = "<group>"; };
		02DDA4B924A7BD6400F163A9 /* ServiceManagement.framework */ = {isa = PBXFileReference; lastKnownFileType = wrapper.framework; name = ServiceManagement.framework; path = System/Library/Frameworks/ServiceManagement.framework; sourceTree = SDKROOT; };
		02E9E8CF248CE7160086352A /* Per mille.app */ = {isa = PBXFileReference; explicitFileType = wrapper.application; includeInIndex = 0; path = "Per mille.app"; sourceTree = BUILT_PRODUCTS_DIR; };
		02E9E8D2248CE7160086352A /* AppDelegate.swift */ = {isa = PBXFileReference; lastKnownFileType = sourcecode.swift; path = AppDelegate.swift; sourceTree = "<group>"; };
		02E9E8D4248CE7160086352A /* ViewController.swift */ = {isa = PBXFileReference; lastKnownFileType = sourcecode.swift; path = ViewController.swift; sourceTree = "<group>"; };
		02E9E8D6248CE71D0086352A /* Assets.xcassets */ = {isa = PBXFileReference; lastKnownFileType = folder.assetcatalog; path = Assets.xcassets; sourceTree = "<group>"; };
		02E9E8D9248CE71D0086352A /* Base */ = {isa = PBXFileReference; lastKnownFileType = file.storyboard; name = Base; path = Base.lproj/Main.storyboard; sourceTree = "<group>"; };
		02E9E8DB248CE71D0086352A /* Info.plist */ = {isa = PBXFileReference; lastKnownFileType = text.plist.xml; path = Info.plist; sourceTree = "<group>"; };
/* End PBXFileReference section */

/* Begin PBXFrameworksBuildPhase section */
		02844AE924CF764000881681 /* Frameworks */ = {
			isa = PBXFrameworksBuildPhase;
			buildActionMask = 2147483647;
			files = (
			);
			runOnlyForDeploymentPostprocessing = 0;
		};
		02DDA4A224A7751E00F163A9 /* Frameworks */ = {
			isa = PBXFrameworksBuildPhase;
			buildActionMask = 2147483647;
			files = (
			);
			runOnlyForDeploymentPostprocessing = 0;
		};
		02E9E8CC248CE7160086352A /* Frameworks */ = {
			isa = PBXFrameworksBuildPhase;
			buildActionMask = 2147483647;
			files = (
				021DC36C24969E3400BD6002 /* NetworkExtension.framework in Frameworks */,
				02DDA4BA24A7BD6400F163A9 /* ServiceManagement.framework in Frameworks */,
			);
			runOnlyForDeploymentPostprocessing = 0;
		};
/* End PBXFrameworksBuildPhase section */

/* Begin PBXGroup section */
		021DC36A24969E3400BD6002 /* Frameworks */ = {
			isa = PBXGroup;
			children = (
				02DDA4B924A7BD6400F163A9 /* ServiceManagement.framework */,
				021DC36B24969E3400BD6002 /* NetworkExtension.framework */,
				023D3C7724B1AF300074CF5F /* NotificationCenter.framework */,
			);
			name = Frameworks;
			sourceTree = "<group>";
		};
		02844AED24CF764000881681 /* Per mille Catalysed */ = {
			isa = PBXGroup;
			children = (
				02844B0024CF764F00881681 /* Per mille Catalysed.entitlements */,
				02844AEE24CF764000881681 /* AppDelegate.swift */,
				02844AF024CF764000881681 /* SceneDelegate.swift */,
				02844AF224CF764000881681 /* ContentView.swift */,
				02844AF424CF764300881681 /* Assets.xcassets */,
				02844AF924CF764300881681 /* LaunchScreen.storyboard */,
				02844AFC24CF764300881681 /* Info.plist */,
				02844AF624CF764300881681 /* Preview Content */,
			);
			path = "Per mille Catalysed";
			sourceTree = "<group>";
		};
		02844AF624CF764300881681 /* Preview Content */ = {
			isa = PBXGroup;
			children = (
				02844AF724CF764300881681 /* Preview Assets.xcassets */,
			);
			path = "Preview Content";
			sourceTree = "<group>";
		};
		02DDA4A624A7751E00F163A9 /* LauncherApplication */ = {
			isa = PBXGroup;
			children = (
				02DDA4A724A7751E00F163A9 /* AppDelegate.swift */,
				02DDA4AB24A7752500F163A9 /* Assets.xcassets */,
				02DDA49D24A774E700F163A9 /* Info.plist */,
				02DDA4B124A7752500F163A9 /* LauncherApplication.entitlements */,
				02DDA4AD24A7752500F163A9 /* Main.storyboard */,
				02DDA4B024A7752500F163A9 /* Info.plist */,
			);
			path = LauncherApplication;
			sourceTree = "<group>";
		};
		02E9E8C6248CE7160086352A = {
			isa = PBXGroup;
			children = (
				02E9E8D1248CE7160086352A /* Per mille */,
				02DDA4A624A7751E00F163A9 /* LauncherApplication */,
				02844AED24CF764000881681 /* Per mille Catalysed */,
				02E9E8D0248CE7160086352A /* Products */,
				021DC36A24969E3400BD6002 /* Frameworks */,
			);
			sourceTree = "<group>";
		};
		02E9E8D0248CE7160086352A /* Products */ = {
			isa = PBXGroup;
			children = (
				02E9E8CF248CE7160086352A /* Per mille.app */,
				02DDA4A524A7751E00F163A9 /* LauncherApplication.app */,
				02844AEC24CF764000881681 /* Per mille Catalysed.app */,
			);
			name = Products;
			sourceTree = "<group>";
		};
		02E9E8D1248CE7160086352A /* Per mille */ = {
			isa = PBXGroup;
			children = (
				0288C5A3249655F20074E25F /* .gitignore */,
				0288C5A12496544E0074E25F /* APIKeys.swift */,
				02E9E8D2248CE7160086352A /* AppDelegate.swift */,
				02E9E8D6248CE71D0086352A /* Assets.xcassets */,
				02B7EEF92491995400738B62 /* DataLoaderInstagram.swift */,
				027D73A624AFBF8800031CE0 /* DataLoaderTikTok.swift */,
				027FB69924EEED15004036EF /* DataLoaderTumblr.swift */,
				0224C85824963AD400EEC521 /* DataLoaderTwitter.swift */,
				02B7EEF72491899800738B62 /* DataLoaderYouTube.swift */,
				02B44A5724C4F6B7001083C9 /* Extensions.swift */,
				025B3EB424A8A2DE000D0E2B /* Graphics */,
				02E9E8DB248CE71D0086352A /* Info.plist */,
				02E9E8D8248CE71D0086352A /* Main.storyboard */,
				0201FB502496A0B7000AD0E8 /* Per mille.entitlements */,
				021DC36924969E3400BD6002 /* Per milleRelease.entitlements */,
				02E9E8D4248CE7160086352A /* ViewController.swift */,
			);
			path = "Per mille";
			sourceTree = "<group>";
		};
/* End PBXGroup section */

/* Begin PBXNativeTarget section */
		02844AEB24CF764000881681 /* Per mille Catalysed */ = {
			isa = PBXNativeTarget;
			buildConfigurationList = 02844AFF24CF764300881681 /* Build configuration list for PBXNativeTarget "Per mille Catalysed" */;
			buildPhases = (
				02844AE824CF764000881681 /* Sources */,
				02844AE924CF764000881681 /* Frameworks */,
				02844AEA24CF764000881681 /* Resources */,
			);
			buildRules = (
			);
			dependencies = (
			);
			name = "Per mille Catalysed";
			productName = "Per mille Catalysed";
			productReference = 02844AEC24CF764000881681 /* Per mille Catalysed.app */;
			productType = "com.apple.product-type.application";
		};
		02DDA4A424A7751E00F163A9 /* LauncherApplication */ = {
			isa = PBXNativeTarget;
			buildConfigurationList = 02DDA4B224A7752500F163A9 /* Build configuration list for PBXNativeTarget "LauncherApplication" */;
			buildPhases = (
				02DDA4A124A7751E00F163A9 /* Sources */,
				02DDA4A224A7751E00F163A9 /* Frameworks */,
				02DDA4A324A7751E00F163A9 /* Resources */,
			);
			buildRules = (
			);
			dependencies = (
			);
			name = LauncherApplication;
			productName = LauncherApplication;
			productReference = 02DDA4A524A7751E00F163A9 /* LauncherApplication.app */;
			productType = "com.apple.product-type.application";
		};
		02E9E8CE248CE7160086352A /* Per mille */ = {
			isa = PBXNativeTarget;
			buildConfigurationList = 02E9E8DF248CE71D0086352A /* Build configuration list for PBXNativeTarget "Per mille" */;
			buildPhases = (
				02E9E8CB248CE7160086352A /* Sources */,
				02E9E8CC248CE7160086352A /* Frameworks */,
				02E9E8CD248CE7160086352A /* Resources */,
				02DDA4B524A7BC9C00F163A9 /* CopyFiles */,
			);
			buildRules = (
			);
			dependencies = (
				02DDA4BD24A7BD7800F163A9 /* PBXTargetDependency */,
				02DDA4BF24A7BD7F00F163A9 /* PBXTargetDependency */,
				02DDA4C124A7BD9100F163A9 /* PBXTargetDependency */,
				02DDA4C324A7BD9600F163A9 /* PBXTargetDependency */,
				02DDA4C524A7BDEF00F163A9 /* PBXTargetDependency */,
				024C51BB24A7E42F00096D71 /* PBXTargetDependency */,
				024C51BD24A7E44100096D71 /* PBXTargetDependency */,
				02C3E9D124A7E4A2005B7823 /* PBXTargetDependency */,
			);
			name = "Per mille";
			productName = CreatorMenu;
			productReference = 02E9E8CF248CE7160086352A /* Per mille.app */;
			productType = "com.apple.product-type.application";
		};
/* End PBXNativeTarget section */

/* Begin PBXProject section */
		02E9E8C7248CE7160086352A /* Project object */ = {
			isa = PBXProject;
			attributes = {
				LastSwiftUpdateCheck = 1160;
				LastUpgradeCheck = 1200;
				ORGANIZATIONNAME = "Darragh Rogan";
				TargetAttributes = {
					02844AEB24CF764000881681 = {
						CreatedOnToolsVersion = 11.6;
					};
					02DDA4A424A7751E00F163A9 = {
						CreatedOnToolsVersion = 12.0;
					};
					02E9E8CE248CE7160086352A = {
						CreatedOnToolsVersion = 11.5;
					};
				};
			};
			buildConfigurationList = 02E9E8CA248CE7160086352A /* Build configuration list for PBXProject "Per mille" */;
			compatibilityVersion = "Xcode 9.3";
			developmentRegion = en;
			hasScannedForEncodings = 0;
			knownRegions = (
				en,
				Base,
			);
			mainGroup = 02E9E8C6248CE7160086352A;
			productRefGroup = 02E9E8D0248CE7160086352A /* Products */;
			projectDirPath = "";
			projectRoot = "";
			targets = (
				02E9E8CE248CE7160086352A /* Per mille */,
				02DDA4A424A7751E00F163A9 /* LauncherApplication */,
				02844AEB24CF764000881681 /* Per mille Catalysed */,
			);
		};
/* End PBXProject section */

/* Begin PBXResourcesBuildPhase section */
		02844AEA24CF764000881681 /* Resources */ = {
			isa = PBXResourcesBuildPhase;
			buildActionMask = 2147483647;
			files = (
				02844AFB24CF764300881681 /* LaunchScreen.storyboard in Resources */,
				02844AF824CF764300881681 /* Preview Assets.xcassets in Resources */,
				02844AF524CF764300881681 /* Assets.xcassets in Resources */,
			);
			runOnlyForDeploymentPostprocessing = 0;
		};
		02DDA4A324A7751E00F163A9 /* Resources */ = {
			isa = PBXResourcesBuildPhase;
			buildActionMask = 2147483647;
			files = (
				02DDA4AC24A7752500F163A9 /* Assets.xcassets in Resources */,
				02DDA4AF24A7752500F163A9 /* Main.storyboard in Resources */,
			);
			runOnlyForDeploymentPostprocessing = 0;
		};
		02E9E8CD248CE7160086352A /* Resources */ = {
			isa = PBXResourcesBuildPhase;
			buildActionMask = 2147483647;
			files = (
				02E9E8D7248CE71D0086352A /* Assets.xcassets in Resources */,
				02DDA4BB24A7BD7800F163A9 /* LauncherApplication.app in Resources */,
				0288C5A4249655F20074E25F /* .gitignore in Resources */,
				02E9E8DA248CE71D0086352A /* Main.storyboard in Resources */,
				025B3EB524A8A2DE000D0E2B /* Graphics in Resources */,
			);
			runOnlyForDeploymentPostprocessing = 0;
		};
/* End PBXResourcesBuildPhase section */

/* Begin PBXSourcesBuildPhase section */
		02844AE824CF764000881681 /* Sources */ = {
			isa = PBXSourcesBuildPhase;
			buildActionMask = 2147483647;
			files = (
				02844AEF24CF764000881681 /* AppDelegate.swift in Sources */,
				02844AF124CF764000881681 /* SceneDelegate.swift in Sources */,
				02844AF324CF764000881681 /* ContentView.swift in Sources */,
			);
			runOnlyForDeploymentPostprocessing = 0;
		};
		02DDA4A124A7751E00F163A9 /* Sources */ = {
			isa = PBXSourcesBuildPhase;
			buildActionMask = 2147483647;
			files = (
				02DDA4A824A7751E00F163A9 /* AppDelegate.swift in Sources */,
			);
			runOnlyForDeploymentPostprocessing = 0;
		};
		02E9E8CB248CE7160086352A /* Sources */ = {
			isa = PBXSourcesBuildPhase;
			buildActionMask = 2147483647;
			files = (
				027FB69A24EEED15004036EF /* DataLoaderTumblr.swift in Sources */,
				02B7EEF82491899800738B62 /* DataLoaderYouTube.swift in Sources */,
				0288C5A22496544E0074E25F /* APIKeys.swift in Sources */,
				02B44A5924C4FDC6001083C9 /* Extensions.swift in Sources */,
				02E9E8D3248CE7160086352A /* AppDelegate.swift in Sources */,
				027D73A724AFBF8800031CE0 /* DataLoaderTikTok.swift in Sources */,
				02B7EEFA2491995400738B62 /* DataLoaderInstagram.swift in Sources */,
				02B44A5A24C4FDCD001083C9 /* ViewController.swift in Sources */,
				0224C85924963AD400EEC521 /* DataLoaderTwitter.swift in Sources */,
			);
			runOnlyForDeploymentPostprocessing = 0;
		};
/* End PBXSourcesBuildPhase section */

/* Begin PBXTargetDependency section */
		024C51BB24A7E42F00096D71 /* PBXTargetDependency */ = {
			isa = PBXTargetDependency;
			target = 02DDA4A424A7751E00F163A9 /* LauncherApplication */;
			targetProxy = 024C51BA24A7E42F00096D71 /* PBXContainerItemProxy */;
		};
		024C51BD24A7E44100096D71 /* PBXTargetDependency */ = {
			isa = PBXTargetDependency;
			target = 02DDA4A424A7751E00F163A9 /* LauncherApplication */;
			targetProxy = 024C51BC24A7E44100096D71 /* PBXContainerItemProxy */;
		};
		02C3E9D124A7E4A2005B7823 /* PBXTargetDependency */ = {
			isa = PBXTargetDependency;
			target = 02DDA4A424A7751E00F163A9 /* LauncherApplication */;
			targetProxy = 02C3E9D024A7E4A2005B7823 /* PBXContainerItemProxy */;
		};
		02DDA4BD24A7BD7800F163A9 /* PBXTargetDependency */ = {
			isa = PBXTargetDependency;
			target = 02DDA4A424A7751E00F163A9 /* LauncherApplication */;
			targetProxy = 02DDA4BC24A7BD7800F163A9 /* PBXContainerItemProxy */;
		};
		02DDA4BF24A7BD7F00F163A9 /* PBXTargetDependency */ = {
			isa = PBXTargetDependency;
			target = 02DDA4A424A7751E00F163A9 /* LauncherApplication */;
			targetProxy = 02DDA4BE24A7BD7F00F163A9 /* PBXContainerItemProxy */;
		};
		02DDA4C124A7BD9100F163A9 /* PBXTargetDependency */ = {
			isa = PBXTargetDependency;
			target = 02DDA4A424A7751E00F163A9 /* LauncherApplication */;
			targetProxy = 02DDA4C024A7BD9100F163A9 /* PBXContainerItemProxy */;
		};
		02DDA4C324A7BD9600F163A9 /* PBXTargetDependency */ = {
			isa = PBXTargetDependency;
			target = 02DDA4A424A7751E00F163A9 /* LauncherApplication */;
			targetProxy = 02DDA4C224A7BD9600F163A9 /* PBXContainerItemProxy */;
		};
		02DDA4C524A7BDEF00F163A9 /* PBXTargetDependency */ = {
			isa = PBXTargetDependency;
			target = 02DDA4A424A7751E00F163A9 /* LauncherApplication */;
			targetProxy = 02DDA4C424A7BDEF00F163A9 /* PBXContainerItemProxy */;
		};
/* End PBXTargetDependency section */

/* Begin PBXVariantGroup section */
		02844AF924CF764300881681 /* LaunchScreen.storyboard */ = {
			isa = PBXVariantGroup;
			children = (
				02844AFA24CF764300881681 /* Base */,
			);
			name = LaunchScreen.storyboard;
			sourceTree = "<group>";
		};
		02DDA4AD24A7752500F163A9 /* Main.storyboard */ = {
			isa = PBXVariantGroup;
			children = (
				02DDA4AE24A7752500F163A9 /* Base */,
			);
			name = Main.storyboard;
			sourceTree = "<group>";
		};
		02E9E8D8248CE71D0086352A /* Main.storyboard */ = {
			isa = PBXVariantGroup;
			children = (
				02E9E8D9248CE71D0086352A /* Base */,
			);
			name = Main.storyboard;
			sourceTree = "<group>";
		};
/* End PBXVariantGroup section */

/* Begin XCBuildConfiguration section */
		02844AFD24CF764300881681 /* Debug */ = {
			isa = XCBuildConfiguration;
			buildSettings = {
				ASSETCATALOG_COMPILER_APPICON_NAME = AppIcon;
				CODE_SIGN_ENTITLEMENTS = "Per mille Catalysed/Per mille Catalysed.entitlements";
				CODE_SIGN_STYLE = Automatic;
				DEVELOPMENT_ASSET_PATHS = "\"Per mille Catalysed/Preview Content\"";
				DEVELOPMENT_TEAM = VDLCQ62KZH;
				ENABLE_PREVIEWS = YES;
				INFOPLIST_FILE = "Per mille Catalysed/Info.plist";
				IPHONEOS_DEPLOYMENT_TARGET = 13.6;
				LD_RUNPATH_SEARCH_PATHS = (
					"$(inherited)",
					"@executable_path/Frameworks",
				);
				PRODUCT_BUNDLE_IDENTIFIER = "Darragh-Rogan.Per-mille-Catalysed";
				PRODUCT_NAME = "$(TARGET_NAME)";
				SDKROOT = iphoneos;
				SUPPORTS_MACCATALYST = YES;
				SWIFT_VERSION = 5.0;
				TARGETED_DEVICE_FAMILY = "1,2";
			};
			name = Debug;
		};
		02844AFE24CF764300881681 /* Release */ = {
			isa = XCBuildConfiguration;
			buildSettings = {
				ASSETCATALOG_COMPILER_APPICON_NAME = AppIcon;
				CODE_SIGN_ENTITLEMENTS = "Per mille Catalysed/Per mille Catalysed.entitlements";
				CODE_SIGN_STYLE = Automatic;
				DEVELOPMENT_ASSET_PATHS = "\"Per mille Catalysed/Preview Content\"";
				DEVELOPMENT_TEAM = VDLCQ62KZH;
				ENABLE_PREVIEWS = YES;
				INFOPLIST_FILE = "Per mille Catalysed/Info.plist";
				IPHONEOS_DEPLOYMENT_TARGET = 13.6;
				LD_RUNPATH_SEARCH_PATHS = (
					"$(inherited)",
					"@executable_path/Frameworks",
				);
				PRODUCT_BUNDLE_IDENTIFIER = "Darragh-Rogan.Per-mille-Catalysed";
				PRODUCT_NAME = "$(TARGET_NAME)";
				SDKROOT = iphoneos;
				SUPPORTS_MACCATALYST = YES;
				SWIFT_VERSION = 5.0;
				TARGETED_DEVICE_FAMILY = "1,2";
				VALIDATE_PRODUCT = YES;
			};
			name = Release;
		};
		02DDA4B324A7752500F163A9 /* Debug */ = {
			isa = XCBuildConfiguration;
			buildSettings = {
				ASSETCATALOG_COMPILER_APPICON_NAME = AppIcon;
				ASSETCATALOG_COMPILER_GLOBAL_ACCENT_COLOR_NAME = AccentColor;
				CODE_SIGN_ENTITLEMENTS = LauncherApplication/LauncherApplication.entitlements;
				CODE_SIGN_IDENTITY = "Apple Development";
				CODE_SIGN_STYLE = Automatic;
				COMBINE_HIDPI_IMAGES = YES;
				CURRENT_PROJECT_VERSION = 2;
				DEVELOPMENT_TEAM = VDLCQ62KZH;
				ENABLE_HARDENED_RUNTIME = YES;
				INFOPLIST_FILE = LauncherApplication/Info.plist;
				LD_RUNPATH_SEARCH_PATHS = (
					"$(inherited)",
					"@executable_path/../Frameworks",
				);
				MARKETING_VERSION = 1.02;
				PRODUCT_BUNDLE_IDENTIFIER = "Darragh-Rogan.LauncherApplication";
				PRODUCT_NAME = "$(TARGET_NAME)";
				SKIP_INSTALL = YES;
				SWIFT_VERSION = 5.0;
			};
			name = Debug;
		};
		02DDA4B424A7752500F163A9 /* Release */ = {
			isa = XCBuildConfiguration;
			buildSettings = {
				ASSETCATALOG_COMPILER_APPICON_NAME = AppIcon;
				ASSETCATALOG_COMPILER_GLOBAL_ACCENT_COLOR_NAME = AccentColor;
				CODE_SIGN_ENTITLEMENTS = LauncherApplication/LauncherApplication.entitlements;
				CODE_SIGN_IDENTITY = "Apple Development";
				CODE_SIGN_STYLE = Automatic;
				COMBINE_HIDPI_IMAGES = YES;
				CURRENT_PROJECT_VERSION = 2;
				DEVELOPMENT_TEAM = VDLCQ62KZH;
				ENABLE_HARDENED_RUNTIME = YES;
				INFOPLIST_FILE = LauncherApplication/Info.plist;
				LD_RUNPATH_SEARCH_PATHS = (
					"$(inherited)",
					"@executable_path/../Frameworks",
				);
				MARKETING_VERSION = 1.02;
				PRODUCT_BUNDLE_IDENTIFIER = "Darragh-Rogan.LauncherApplication";
				PRODUCT_NAME = "$(TARGET_NAME)";
				SKIP_INSTALL = YES;
				SWIFT_VERSION = 5.0;
			};
			name = Release;
		};
		02E9E8DD248CE71D0086352A /* Debug */ = {
			isa = XCBuildConfiguration;
			buildSettings = {
				ALWAYS_SEARCH_USER_PATHS = NO;
				CLANG_ANALYZER_NONNULL = YES;
				CLANG_ANALYZER_NUMBER_OBJECT_CONVERSION = YES_AGGRESSIVE;
				CLANG_CXX_LANGUAGE_STANDARD = "gnu++14";
				CLANG_CXX_LIBRARY = "libc++";
				CLANG_ENABLE_MODULES = YES;
				CLANG_ENABLE_OBJC_ARC = YES;
				CLANG_ENABLE_OBJC_WEAK = YES;
				CLANG_WARN_BLOCK_CAPTURE_AUTORELEASING = YES;
				CLANG_WARN_BOOL_CONVERSION = YES;
				CLANG_WARN_COMMA = YES;
				CLANG_WARN_CONSTANT_CONVERSION = YES;
				CLANG_WARN_DEPRECATED_OBJC_IMPLEMENTATIONS = YES;
				CLANG_WARN_DIRECT_OBJC_ISA_USAGE = YES_ERROR;
				CLANG_WARN_DOCUMENTATION_COMMENTS = YES;
				CLANG_WARN_EMPTY_BODY = YES;
				CLANG_WARN_ENUM_CONVERSION = YES;
				CLANG_WARN_INFINITE_RECURSION = YES;
				CLANG_WARN_INT_CONVERSION = YES;
				CLANG_WARN_NON_LITERAL_NULL_CONVERSION = YES;
				CLANG_WARN_OBJC_IMPLICIT_RETAIN_SELF = YES;
				CLANG_WARN_OBJC_LITERAL_CONVERSION = YES;
				CLANG_WARN_OBJC_ROOT_CLASS = YES_ERROR;
				CLANG_WARN_QUOTED_INCLUDE_IN_FRAMEWORK_HEADER = YES;
				CLANG_WARN_RANGE_LOOP_ANALYSIS = YES;
				CLANG_WARN_STRICT_PROTOTYPES = YES;
				CLANG_WARN_SUSPICIOUS_MOVE = YES;
				CLANG_WARN_UNGUARDED_AVAILABILITY = YES_AGGRESSIVE;
				CLANG_WARN_UNREACHABLE_CODE = YES;
				CLANG_WARN__DUPLICATE_METHOD_MATCH = YES;
				COPY_PHASE_STRIP = NO;
				DEBUG_INFORMATION_FORMAT = dwarf;
				ENABLE_STRICT_OBJC_MSGSEND = YES;
				ENABLE_TESTABILITY = YES;
				GCC_C_LANGUAGE_STANDARD = gnu11;
				GCC_DYNAMIC_NO_PIC = NO;
				GCC_NO_COMMON_BLOCKS = YES;
				GCC_OPTIMIZATION_LEVEL = 0;
				GCC_PREPROCESSOR_DEFINITIONS = (
					"DEBUG=1",
					"$(inherited)",
				);
				GCC_WARN_64_TO_32_BIT_CONVERSION = YES;
				GCC_WARN_ABOUT_RETURN_TYPE = YES_ERROR;
				GCC_WARN_UNDECLARED_SELECTOR = YES;
				GCC_WARN_UNINITIALIZED_AUTOS = YES_AGGRESSIVE;
				GCC_WARN_UNUSED_FUNCTION = YES;
				GCC_WARN_UNUSED_VARIABLE = YES;
				MACOSX_DEPLOYMENT_TARGET = 10.15;
				MTL_ENABLE_DEBUG_INFO = INCLUDE_SOURCE;
				MTL_FAST_MATH = YES;
				ONLY_ACTIVE_ARCH = YES;
				SDKROOT = macosx;
				SWIFT_ACTIVE_COMPILATION_CONDITIONS = DEBUG;
				SWIFT_OPTIMIZATION_LEVEL = "-Onone";
			};
			name = Debug;
		};
		02E9E8DE248CE71D0086352A /* Release */ = {
			isa = XCBuildConfiguration;
			buildSettings = {
				ALWAYS_SEARCH_USER_PATHS = NO;
				CLANG_ANALYZER_NONNULL = YES;
				CLANG_ANALYZER_NUMBER_OBJECT_CONVERSION = YES_AGGRESSIVE;
				CLANG_CXX_LANGUAGE_STANDARD = "gnu++14";
				CLANG_CXX_LIBRARY = "libc++";
				CLANG_ENABLE_MODULES = YES;
				CLANG_ENABLE_OBJC_ARC = YES;
				CLANG_ENABLE_OBJC_WEAK = YES;
				CLANG_WARN_BLOCK_CAPTURE_AUTORELEASING = YES;
				CLANG_WARN_BOOL_CONVERSION = YES;
				CLANG_WARN_COMMA = YES;
				CLANG_WARN_CONSTANT_CONVERSION = YES;
				CLANG_WARN_DEPRECATED_OBJC_IMPLEMENTATIONS = YES;
				CLANG_WARN_DIRECT_OBJC_ISA_USAGE = YES_ERROR;
				CLANG_WARN_DOCUMENTATION_COMMENTS = YES;
				CLANG_WARN_EMPTY_BODY = YES;
				CLANG_WARN_ENUM_CONVERSION = YES;
				CLANG_WARN_INFINITE_RECURSION = YES;
				CLANG_WARN_INT_CONVERSION = YES;
				CLANG_WARN_NON_LITERAL_NULL_CONVERSION = YES;
				CLANG_WARN_OBJC_IMPLICIT_RETAIN_SELF = YES;
				CLANG_WARN_OBJC_LITERAL_CONVERSION = YES;
				CLANG_WARN_OBJC_ROOT_CLASS = YES_ERROR;
				CLANG_WARN_QUOTED_INCLUDE_IN_FRAMEWORK_HEADER = YES;
				CLANG_WARN_RANGE_LOOP_ANALYSIS = YES;
				CLANG_WARN_STRICT_PROTOTYPES = YES;
				CLANG_WARN_SUSPICIOUS_MOVE = YES;
				CLANG_WARN_UNGUARDED_AVAILABILITY = YES_AGGRESSIVE;
				CLANG_WARN_UNREACHABLE_CODE = YES;
				CLANG_WARN__DUPLICATE_METHOD_MATCH = YES;
				COPY_PHASE_STRIP = NO;
				DEBUG_INFORMATION_FORMAT = "dwarf-with-dsym";
				ENABLE_NS_ASSERTIONS = NO;
				ENABLE_STRICT_OBJC_MSGSEND = YES;
				GCC_C_LANGUAGE_STANDARD = gnu11;
				GCC_NO_COMMON_BLOCKS = YES;
				GCC_WARN_64_TO_32_BIT_CONVERSION = YES;
				GCC_WARN_ABOUT_RETURN_TYPE = YES_ERROR;
				GCC_WARN_UNDECLARED_SELECTOR = YES;
				GCC_WARN_UNINITIALIZED_AUTOS = YES_AGGRESSIVE;
				GCC_WARN_UNUSED_FUNCTION = YES;
				GCC_WARN_UNUSED_VARIABLE = YES;
				MACOSX_DEPLOYMENT_TARGET = 10.15;
				MTL_ENABLE_DEBUG_INFO = NO;
				MTL_FAST_MATH = YES;
				SDKROOT = macosx;
				SWIFT_COMPILATION_MODE = wholemodule;
				SWIFT_OPTIMIZATION_LEVEL = "-O";
			};
			name = Release;
		};
		02E9E8E0248CE71D0086352A /* Debug */ = {
			isa = XCBuildConfiguration;
			buildSettings = {
				ALWAYS_EMBED_SWIFT_STANDARD_LIBRARIES = YES;
				ASSETCATALOG_COMPILER_APPICON_NAME = AppIcon;
				CODE_SIGN_ENTITLEMENTS = "Per mille/Per mille.entitlements";
				CODE_SIGN_IDENTITY = "Apple Development";
				CODE_SIGN_STYLE = Automatic;
				COMBINE_HIDPI_IMAGES = YES;
				CURRENT_PROJECT_VERSION = 9;
				DEVELOPMENT_TEAM = VDLCQ62KZH;
				ENABLE_HARDENED_RUNTIME = YES;
				INFOPLIST_FILE = "$(SRCROOT)/Per mille/Info.plist";
				LD_RUNPATH_SEARCH_PATHS = (
					"$(inherited)",
					"@executable_path/../Frameworks",
				);
				MARKETING_VERSION = 1.10;
				PRODUCT_BUNDLE_IDENTIFIER = "Darragh-Rogan.Per-mille";
				PRODUCT_NAME = "$(TARGET_NAME)";
				PROVISIONING_PROFILE_SPECIFIER = "";
				SWIFT_VERSION = 5.0;
			};
			name = Debug;
		};
		02E9E8E1248CE71D0086352A /* Release */ = {
			isa = XCBuildConfiguration;
			buildSettings = {
				ALWAYS_EMBED_SWIFT_STANDARD_LIBRARIES = YES;
				ASSETCATALOG_COMPILER_APPICON_NAME = AppIcon;
				CODE_SIGN_ENTITLEMENTS = "Per mille/Per milleRelease.entitlements";
				CODE_SIGN_IDENTITY = "Apple Development";
				CODE_SIGN_STYLE = Automatic;
				COMBINE_HIDPI_IMAGES = YES;
				CURRENT_PROJECT_VERSION = 9;
				DEVELOPMENT_TEAM = VDLCQ62KZH;
				ENABLE_HARDENED_RUNTIME = YES;
				INFOPLIST_FILE = "$(SRCROOT)/Per mille/Info.plist";
				LD_RUNPATH_SEARCH_PATHS = (
					"$(inherited)",
					"@executable_path/../Frameworks",
				);
				MARKETING_VERSION = 1.10;
				PRODUCT_BUNDLE_IDENTIFIER = "Darragh-Rogan.Per-mille";
				PRODUCT_NAME = "$(TARGET_NAME)";
				PROVISIONING_PROFILE_SPECIFIER = "";
				SWIFT_VERSION = 5.0;
			};
			name = Release;
		};
/* End XCBuildConfiguration section */

/* Begin XCConfigurationList section */
		02844AFF24CF764300881681 /* Build configuration list for PBXNativeTarget "Per mille Catalysed" */ = {
			isa = XCConfigurationList;
			buildConfigurations = (
				02844AFD24CF764300881681 /* Debug */,
				02844AFE24CF764300881681 /* Release */,
			);
			defaultConfigurationIsVisible = 0;
			defaultConfigurationName = Release;
		};
		02DDA4B224A7752500F163A9 /* Build configuration list for PBXNativeTarget "LauncherApplication" */ = {
			isa = XCConfigurationList;
			buildConfigurations = (
				02DDA4B324A7752500F163A9 /* Debug */,
				02DDA4B424A7752500F163A9 /* Release */,
			);
			defaultConfigurationIsVisible = 0;
			defaultConfigurationName = Release;
		};
		02E9E8CA248CE7160086352A /* Build configuration list for PBXProject "Per mille" */ = {
			isa = XCConfigurationList;
			buildConfigurations = (
				02E9E8DD248CE71D0086352A /* Debug */,
				02E9E8DE248CE71D0086352A /* Release */,
			);
			defaultConfigurationIsVisible = 0;
			defaultConfigurationName = Release;
		};
		02E9E8DF248CE71D0086352A /* Build configuration list for PBXNativeTarget "Per mille" */ = {
			isa = XCConfigurationList;
			buildConfigurations = (
				02E9E8E0248CE71D0086352A /* Debug */,
				02E9E8E1248CE71D0086352A /* Release */,
			);
			defaultConfigurationIsVisible = 0;
			defaultConfigurationName = Release;
		};
/* End XCConfigurationList section */
	};
	rootObject = 02E9E8C7248CE7160086352A /* Project object */;
}
